
Microsoft Visual Studio Solution File, Format Version 12.00
# Visual Studio Version 16
VisualStudioVersion = 16.0.29411.108
MinimumVisualStudioVersion = 10.0.40219.1
Project("{FAE04EC0-301F-11D3-BF4B-00C04F79EFBC}") = "Lab02", "Lab02\Lab02.csproj", "{CCD32DEE-832C-4926-A800-99042487B372}"
EndProject
Global
	GlobalSection(SolutionConfigurationPlatforms) = preSolution
		Debug|Any CPU = Debug|Any CPU
		Release|Any CPU = Release|Any CPU
	EndGlobalSection
	GlobalSection(ProjectConfigurationPlatforms) = postSolution
		{CCD32DEE-832C-4926-A800-99042487B372}.Debug|Any CPU.ActiveCfg = Debug|Any CPU
		{CCD32DEE-832C-4926-A800-99042487B372}.Debug|Any CPU.Build.0 = Debug|Any CPU
		{CCD32DEE-832C-4926-A800-99042487B372}.Release|Any CPU.ActiveCfg = Release|Any CPU
		{CCD32DEE-832C-4926-A800-99042487B372}.Release|Any CPU.Build.0 = Release|Any CPU
	EndGlobalSection
	GlobalSection(SolutionProperties) = preSolution
		HideSolutionNode = FALSE
	EndGlobalSection
	GlobalSection(ExtensibilityGlobals) = postSolution
		SolutionGuid = {57599EC6-B0D8-45D5-9153-9E54D397C187}
	EndGlobalSection
EndGlobal
